
Microsoft Visual Studio Solution File, Format Version 12.00
# Visual Studio 15
VisualStudioVersion = 15.0.27004.2005
MinimumVisualStudioVersion = 10.0.40219.1
Project("{FAE04EC0-301F-11D3-BF4B-00C04F79EFBC}") = "REST.Web", "REST.Web\REST.Web.csproj", "{749447D6-F309-41DC-ADDE-19FE5243B4A6}"
EndProject
Project("{FAE04EC0-301F-11D3-BF4B-00C04F79EFBC}") = "REST.Library", "REST.Library\REST.Library.csproj", "{D666F0BA-F75D-42FD-B358-9CEB631D0408}"
EndProject
Project("{FAE04EC0-301F-11D3-BF4B-00C04F79EFBC}") = "REST.Data", "REST.Data\REST.Data.csproj", "{04BF2D73-77B4-435F-9E4D-A50F3DD8F337}"
EndProject
Project("{FAE04EC0-301F-11D3-BF4B-00C04F79EFBC}") = "REST.Test", "REST.Test\REST.Test.csproj", "{B023C959-D7EA-41D8-94F7-57D725986CD6}"
EndProject
Global
	GlobalSection(SolutionConfigurationPlatforms) = preSolution
		Debug|Any CPU = Debug|Any CPU
		Release|Any CPU = Release|Any CPU
	EndGlobalSection
	GlobalSection(ProjectConfigurationPlatforms) = postSolution
		{749447D6-F309-41DC-ADDE-19FE5243B4A6}.Debug|Any CPU.ActiveCfg = Debug|Any CPU
		{749447D6-F309-41DC-ADDE-19FE5243B4A6}.Debug|Any CPU.Build.0 = Debug|Any CPU
		{749447D6-F309-41DC-ADDE-19FE5243B4A6}.Release|Any CPU.ActiveCfg = Release|Any CPU
		{749447D6-F309-41DC-ADDE-19FE5243B4A6}.Release|Any CPU.Build.0 = Release|Any CPU
		{D666F0BA-F75D-42FD-B358-9CEB631D0408}.Debug|Any CPU.ActiveCfg = Debug|Any CPU
		{D666F0BA-F75D-42FD-B358-9CEB631D0408}.Debug|Any CPU.Build.0 = Debug|Any CPU
		{D666F0BA-F75D-42FD-B358-9CEB631D0408}.Release|Any CPU.ActiveCfg = Release|Any CPU
		{D666F0BA-F75D-42FD-B358-9CEB631D0408}.Release|Any CPU.Build.0 = Release|Any CPU
		{04BF2D73-77B4-435F-9E4D-A50F3DD8F337}.Debug|Any CPU.ActiveCfg = Debug|Any CPU
		{04BF2D73-77B4-435F-9E4D-A50F3DD8F337}.Debug|Any CPU.Build.0 = Debug|Any CPU
		{04BF2D73-77B4-435F-9E4D-A50F3DD8F337}.Release|Any CPU.ActiveCfg = Release|Any CPU
		{04BF2D73-77B4-435F-9E4D-A50F3DD8F337}.Release|Any CPU.Build.0 = Release|Any CPU
		{B023C959-D7EA-41D8-94F7-57D725986CD6}.Debug|Any CPU.ActiveCfg = Debug|Any CPU
		{B023C959-D7EA-41D8-94F7-57D725986CD6}.Debug|Any CPU.Build.0 = Debug|Any CPU
		{B023C959-D7EA-41D8-94F7-57D725986CD6}.Release|Any CPU.ActiveCfg = Release|Any CPU
		{B023C959-D7EA-41D8-94F7-57D725986CD6}.Release|Any CPU.Build.0 = Release|Any CPU
	EndGlobalSection
	GlobalSection(SolutionProperties) = preSolution
		HideSolutionNode = FALSE
	EndGlobalSection
	GlobalSection(ExtensibilityGlobals) = postSolution
		SolutionGuid = {28FB570F-5285-4E2A-BAAD-4112B3CBA796}
	EndGlobalSection
EndGlobal
